
Microsoft Visual Studio Solution File, Format Version 12.00
# Visual Studio Version 17
VisualStudioVersion = 17.7.34003.232
MinimumVisualStudioVersion = 10.0.40219.1
Project("{FAE04EC0-301F-11D3-BF4B-00C04F79EFBC}") = "NCQ.Tareas.API", "NCQ.Tareas.API\NCQ.Tareas.API.csproj", "{E1D3BD60-8A48-452F-AE6E-3B7E489368E7}"
EndProject
Global
	GlobalSection(SolutionConfigurationPlatforms) = preSolution
		Debug|Any CPU = Debug|Any CPU
		Release|Any CPU = Release|Any CPU
	EndGlobalSection
	GlobalSection(ProjectConfigurationPlatforms) = postSolution
		{E1D3BD60-8A48-452F-AE6E-3B7E489368E7}.Debug|Any CPU.ActiveCfg = Debug|Any CPU
		{E1D3BD60-8A48-452F-AE6E-3B7E489368E7}.Debug|Any CPU.Build.0 = Debug|Any CPU
		{E1D3BD60-8A48-452F-AE6E-3B7E489368E7}.Release|Any CPU.ActiveCfg = Release|Any CPU
		{E1D3BD60-8A48-452F-AE6E-3B7E489368E7}.Release|Any CPU.Build.0 = Release|Any CPU
	EndGlobalSection
	GlobalSection(SolutionProperties) = preSolution
		HideSolutionNode = FALSE
	EndGlobalSection
	GlobalSection(ExtensibilityGlobals) = postSolution
		SolutionGuid = {9FEE44B9-BD0D-4CE2-AF2E-22B2D3C80F00}
	EndGlobalSection
EndGlobal
